# This file is automatically @generated by Cargo.
# It is not intended for manual editing.
version = 4

[[package]]
name = "aho-corasick"
version = "1.1.4"
source = "registry+https://github.com/rust-lang/crates.io-index"
checksum = "ddd31a130427c27518df266943a5308ed92d4b226cc639f5a8f1002816174301"
dependencies = [
 "memchr",
]

[[package]]
name = "arbitrary"
version = "1.4.2"
source = "registry+https://github.com/rust-lang/crates.io-index"
checksum = "c3d036a3c4ab069c7b410a2ce876bd74808d2d0888a82667669f8e783a898bf1"
dependencies = [
 "derive_arbitrary",
]

[[package]]
name = "bindgen"
version = "0.72.1"
source = "registry+https://github.com/rust-lang/crates.io-index"
checksum = "993776b509cfb49c750f11b8f07a46fa23e0a1386ffc01fb1e7d343efc387895"
dependencies = [
 "bitflags",
 "cexpr",
 "clang-sys",
 "itertools",
 "proc-macro2",
 "quote",
 "regex",
 "rustc-hash",
 "shlex",
 "syn",
]

[[package]]
name = "bitflags"
version = "2.10.0"
source = "registry+https://github.com/rust-lang/crates.io-index"
checksum = "812e12b5285cc515a9c72a5c1d3b6d46a19dac5acfef5265968c166106e31dd3"

[[package]]
name = "bumpalo"
version = "3.19.1"
source = "registry+https://github.com/rust-lang/crates.io-index"
checksum = "5dd9dc738b7a8311c7ade152424974d8115f2cdad61e8dab8dac9f2362298510"

[[package]]
name = "cc"
version = "1.2.55"
source = "registry+https://github.com/rust-lang/crates.io-index"
checksum = "47b26a0954ae34af09b50f0de26458fa95369a0d478d8236d3f93082b219bd29"
dependencies = [
 "find-msvc-tools",
 "shlex",
]

[[package]]
name = "cexpr"
version = "0.6.0"
source = "registry+https://github.com/rust-lang/crates.io-index"
checksum = "6fac387a98bb7c37292057cffc56d62ecb629900026402633ae9160df93a8766"
dependencies = [
 "nom",
]

[[package]]
name = "cfg-if"
version = "1.0.4"
source = "registry+https://github.com/rust-lang/crates.io-index"
checksum = "9330f8b2ff13f34540b44e946ef35111825727b38d33286ef986142615121801"

[[package]]
name = "clang-sys"
version = "1.8.1"
source = "registry+https://github.com/rust-lang/crates.io-index"
checksum = "0b023947811758c97c59bf9d1c188fd619ad4718dcaa767947df1cadb14f39f4"
dependencies = [
 "glob",
 "libc",
 "libloading",
]

[[package]]
name = "derive_arbitrary"
version = "1.4.2"
source = "registry+https://github.com/rust-lang/crates.io-index"
checksum = "1e567bd82dcff979e4b03460c307b3cdc9e96fde3d73bed1496d2bc75d9dd62a"
dependencies = [
 "proc-macro2",
 "quote",
 "syn",
]

[[package]]
name = "either"
version = "1.15.0"
source = "registry+https://github.com/rust-lang/crates.io-index"
checksum = "48c757948c5ede0e46177b7add2e67155f70e33c07fea8284df6576da70b3719"

[[package]]
name = "fallible-iterator"
version = "0.3.0"
source = "registry+https://github.com/rust-lang/crates.io-index"
checksum = "2acce4a10f12dc2fb14a218589d4f1f62ef011b2d0cc4b3cb1bba8e94da14649"

[[package]]
name = "fallible-streaming-iterator"
version = "0.1.9"
source = "registry+https://github.com/rust-lang/crates.io-index"
checksum = "7360491ce676a36bf9bb3c56c1aa791658183a54d2744120f27285738d90465a"

[[package]]
name = "find-msvc-tools"
version = "0.1.9"
source = "registry+https://github.com/rust-lang/crates.io-index"
checksum = "5baebc0774151f905a1a2cc41989300b1e6fbb29aff0ceffa1064fdd3088d582"

[[package]]
name = "foldhash"
version = "0.2.0"
source = "registry+https://github.com/rust-lang/crates.io-index"
checksum = "77ce24cb58228fbb8aa041425bb1050850ac19177686ea6e0f41a70416f56fdb"

[[package]]
name = "glob"
version = "0.3.3"
source = "registry+https://github.com/rust-lang/crates.io-index"
checksum = "0cc23270f6e1808e30a928bdc84dea0b9b4136a8bc82338574f23baf47bbd280"

[[package]]
name = "hashbrown"
version = "0.16.1"
source = "registry+https://github.com/rust-lang/crates.io-index"
checksum = "841d1cc9bed7f9236f321df977030373f4a4163ae1a7dbfe1a51a2c1a51d9100"
dependencies = [
 "foldhash",
]

[[package]]
name = "hashlink"
version = "0.11.0"
source = "registry+https://github.com/rust-lang/crates.io-index"
checksum = "ea0b22561a9c04a7cb1a302c013e0259cd3b4bb619f145b32f72b8b4bcbed230"
dependencies = [
 "hashbrown",
]

[[package]]
name = "honggfuzz"
version = "0.5.58"
source = "registry+https://github.com/rust-lang/crates.io-index"
checksum = "6e8319f3cc8fe416e7aa1ab95dcc04fd49f35397a47d0b2f0f225f6dba346a07"
dependencies = [
 "arbitrary",
 "lazy_static",
 "memmap2",
 "rustc_version",
 "semver",
]

[[package]]
name = "itertools"
version = "0.12.1"
source = "registry+https://github.com/rust-lang/crates.io-index"
checksum = "ba291022dbbd398a455acf126c1e341954079855bc60dfdda641363bd6922569"
dependencies = [
 "either",
]

[[package]]
name = "js-sys"
version = "0.3.85"
source = "registry+https://github.com/rust-lang/crates.io-index"
checksum = "8c942ebf8e95485ca0d52d97da7c5a2c387d0e7f0ba4c35e93bfcaee045955b3"
dependencies = [
 "once_cell",
 "wasm-bindgen",
]

[[package]]
name = "lazy_static"
version = "1.5.0"
source = "registry+https://github.com/rust-lang/crates.io-index"
checksum = "bbd2bcb4c963f2ddae06a2efc7e9f3591312473c50c6685e1f298068316e66fe"

[[package]]
name = "libc"
version = "0.2.180"
source = "registry+https://github.com/rust-lang/crates.io-index"
checksum = "bcc35a38544a891a5f7c865aca548a982ccb3b8650a5b06d0fd33a10283c56fc"

[[package]]
name = "libloading"
version = "0.8.9"
source = "registry+https://github.com/rust-lang/crates.io-index"
checksum = "d7c4b02199fee7c5d21a5ae7d8cfa79a6ef5bb2fc834d6e9058e89c825efdc55"
dependencies = [
 "cfg-if",
 "windows-link",
]

[[package]]
name = "libsqlite3-sys"
version = "0.36.0"
source = "registry+https://github.com/rust-lang/crates.io-index"
checksum = "95b4103cffefa72eb8428cb6b47d6627161e51c2739fc5e3b734584157bc642a"
dependencies = [
 "bindgen",
 "cc",
 "pkg-config",
 "vcpkg",
]

[[package]]
name = "memchr"
version = "2.7.6"
source = "registry+https://github.com/rust-lang/crates.io-index"
checksum = "f52b00d39961fc5b2736ea853c9cc86238e165017a493d1d5c8eac6bdc4cc273"

[[package]]
name = "memmap2"
version = "0.9.9"
source = "registry+https://github.com/rust-lang/crates.io-index"
checksum = "744133e4a0e0a658e1374cf3bf8e415c4052a15a111acd372764c55b4177d490"
dependencies = [
 "libc",
]

[[package]]
name = "minimal-lexical"
version = "0.2.1"
source = "registry+https://github.com/rust-lang/crates.io-index"
checksum = "68354c5c6bd36d73ff3feceb05efa59b6acb7626617f4962be322a825e61f79a"

[[package]]
name = "nom"
version = "7.1.3"
source = "registry+https://github.com/rust-lang/crates.io-index"
checksum = "d273983c5a657a70a3e8f2a01329822f3b8c8172b73826411a55751e404a0a4a"
dependencies = [
 "memchr",
 "minimal-lexical",
]

[[package]]
name = "once_cell"
version = "1.21.3"
source = "registry+https://github.com/rust-lang/crates.io-index"
checksum = "42f5e15c9953c5e4ccceeb2e7382a716482c34515315f7b03532b8b4e8393d2d"

[[package]]
name = "pkg-config"
version = "0.3.32"
source = "registry+https://github.com/rust-lang/crates.io-index"
checksum = "7edddbd0b52d732b21ad9a5fab5c704c14cd949e5e9a1ec5929a24fded1b904c"

[[package]]
name = "proc-macro2"
version = "1.0.106"
source = "registry+https://github.com/rust-lang/crates.io-index"
checksum = "8fd00f0bb2e90d81d1044c2b32617f68fcb9fa3bb7640c23e9c748e53fb30934"
dependencies = [
 "unicode-ident",
]

[[package]]
name = "quote"
version = "1.0.44"
source = "registry+https://github.com/rust-lang/crates.io-index"
checksum = "21b2ebcf727b7760c461f091f9f0f539b77b8e87f2fd88131e7f1b433b3cece4"
dependencies = [
 "proc-macro2",
]

[[package]]
name = "regex"
version = "1.12.3"
source = "registry+https://github.com/rust-lang/crates.io-index"
checksum = "e10754a14b9137dd7b1e3e5b0493cc9171fdd105e0ab477f51b72e7f3ac0e276"
dependencies = [
 "aho-corasick",
 "memchr",
 "regex-automata",
 "regex-syntax",
]

[[package]]
name = "regex-automata"
version = "0.4.14"
source = "registry+https://github.com/rust-lang/crates.io-index"
checksum = "6e1dd4122fc1595e8162618945476892eefca7b88c52820e74af6262213cae8f"
dependencies = [
 "aho-corasick",
 "memchr",
 "regex-syntax",
]

[[package]]
name = "regex-syntax"
version = "0.8.9"
source = "registry+https://github.com/rust-lang/crates.io-index"
checksum = "a96887878f22d7bad8a3b6dc5b7440e0ada9a245242924394987b21cf2210a4c"

[[package]]
name = "rsqlite-vfs"
version = "0.1.0"
source = "registry+https://github.com/rust-lang/crates.io-index"
checksum = "a8a1f2315036ef6b1fbacd1972e8ee7688030b0a2121edfc2a6550febd41574d"
dependencies = [
 "hashbrown",
 "thiserror",
]

[[package]]
name = "rusqlite"
version = "0.38.0"
source = "registry+https://github.com/rust-lang/crates.io-index"
checksum = "f1c93dd1c9683b438c392c492109cb702b8090b2bfc8fed6f6e4eb4523f17af3"
dependencies = [
 "bitflags",
 "fallible-iterator",
 "fallible-streaming-iterator",
 "hashlink",
 "libsqlite3-sys",
 "smallvec",
 "sqlite-wasm-rs",
]

[[package]]
name = "rustc-hash"
version = "2.1.1"
source = "registry+https://github.com/rust-lang/crates.io-index"
checksum = "357703d41365b4b27c590e3ed91eabb1b663f07c4c084095e60cbed4362dff0d"

[[package]]
name = "rustc_version"
version = "0.4.1"
source = "registry+https://github.com/rust-lang/crates.io-index"
checksum = "cfcb3a22ef46e85b45de6ee7e79d063319ebb6594faafcf1c225ea92ab6e9b92"
dependencies = [
 "semver",
]

[[package]]
name = "rustversion"
version = "1.0.22"
source = "registry+https://github.com/rust-lang/crates.io-index"
checksum = "b39cdef0fa800fc44525c84ccb54a029961a8215f9619753635a9c0d2538d46d"

[[package]]
name = "semver"
version = "1.0.27"
source = "registry+https://github.com/rust-lang/crates.io-index"
checksum = "d767eb0aabc880b29956c35734170f26ed551a859dbd361d140cdbeca61ab1e2"

[[package]]
name = "shlex"
version = "1.3.0"
source = "registry+https://github.com/rust-lang/crates.io-index"
checksum = "0fda2ff0d084019ba4d7c6f371c95d8fd75ce3524c3cb8fb653a3023f6323e64"

[[package]]
name = "siphasher"
version = "1.0.2"
source = "registry+https://github.com/rust-lang/crates.io-index"
checksum = "b2aa850e253778c88a04c3d7323b043aeda9d3e30d5971937c1855769763678e"

[[package]]
name = "smallvec"
version = "1.15.1"
source = "registry+https://github.com/rust-lang/crates.io-index"
checksum = "67b1b7a3b5fe4f1376887184045fcf45c69e92af734b7aaddc05fb777b6fbd03"

[[package]]
name = "sqlite-diff-rs"
version = "0.1.0"
dependencies = [
 "arbitrary",
 "rusqlite",
 "thiserror",
 "tuplities",
 "typenum",
]

[[package]]
name = "sqlite-diff-rs-fuzz"
version = "0.0.0"
dependencies = [
 "arbitrary",
 "honggfuzz",
 "sqlite-diff-rs",
]

[[package]]
name = "sqlite-wasm-rs"
version = "0.5.2"
source = "registry+https://github.com/rust-lang/crates.io-index"
checksum = "2f4206ed3a67690b9c29b77d728f6acc3ce78f16bf846d83c94f76400320181b"
dependencies = [
 "cc",
 "js-sys",
 "rsqlite-vfs",
 "wasm-bindgen",
]

[[package]]
name = "syn"
version = "2.0.114"
source = "registry+https://github.com/rust-lang/crates.io-index"
checksum = "d4d107df263a3013ef9b1879b0df87d706ff80f65a86ea879bd9c31f9b307c2a"
dependencies = [
 "proc-macro2",
 "quote",
 "unicode-ident",
]

[[package]]
name = "thiserror"
version = "2.0.18"
source = "registry+https://github.com/rust-lang/crates.io-index"
checksum = "4288b5bcbc7920c07a1149a35cf9590a2aa808e0bc1eafaade0b80947865fbc4"
dependencies = [
 "thiserror-impl",
]

[[package]]
name = "thiserror-impl"
version = "2.0.18"
source = "registry+https://github.com/rust-lang/crates.io-index"
checksum = "ebc4ee7f67670e9b64d05fa4253e753e016c6c95ff35b89b7941d6b856dec1d5"
dependencies = [
 "proc-macro2",
 "quote",
 "syn",
]

[[package]]
name = "tuplities"
version = "0.1.4"
source = "registry+https://github.com/rust-lang/crates.io-index"
checksum = "6d7f14b658f81e33e7fecf96267a88411ab094d64169c9237e63b2e25e7c738b"
dependencies = [
 "tuplities-clone",
 "tuplities-copy",
 "tuplities-debug",
 "tuplities-default",
 "tuplities-eq",
 "tuplities-flatten-nest",
 "tuplities-from",
 "tuplities-hash",
 "tuplities-index",
 "tuplities-insert",
 "tuplities-len",
 "tuplities-mut",
 "tuplities-option",
 "tuplities-ord",
 "tuplities-partial-eq",
 "tuplities-partial-ord",
 "tuplities-pop-back",
 "tuplities-pop-front",
 "tuplities-push-back",
 "tuplities-push-front",
 "tuplities-ref",
 "tuplities-remove",
 "tuplities-replicate",
 "tuplities-reverse",
 "tuplities-row",
 "tuplities-split",
 "tuplities-try-from",
]

[[package]]
name = "tuplities-clone"
version = "0.1.4"
source = "registry+https://github.com/rust-lang/crates.io-index"
checksum = "74bbb5ebb5bea8c218f9787d73e146bb1d09bbf870b80a230e611319fb2c9fcc"
dependencies = [
 "tuplities-derive",
]

[[package]]
name = "tuplities-copy"
version = "0.1.4"
source = "registry+https://github.com/rust-lang/crates.io-index"
checksum = "e90745237a4f07cf3a0997e645fc3b5dcdd840ef410e4ac5e215135adde840c6"
dependencies = [
 "tuplities-clone",
 "tuplities-derive",
]

[[package]]
name = "tuplities-debug"
version = "0.1.4"
source = "registry+https://github.com/rust-lang/crates.io-index"
checksum = "7df4f5290f7bd667a2c65ca43284766ebecc67c69680dc010c8c1fe5947387e8"
dependencies = [
 "tuplities-derive",
]

[[package]]
name = "tuplities-default"
version = "0.1.4"
source = "registry+https://github.com/rust-lang/crates.io-index"
checksum = "c8995d8db4a205058bf480b1e8d6b3c255d2500f429bd192001a8a3608ef6ab9"
dependencies = [
 "tuplities-derive",
]

[[package]]
name = "tuplities-derive"
version = "0.1.4"
source = "registry+https://github.com/rust-lang/crates.io-index"
checksum = "ba55e3ed3086d31c9563f1d1cb7d24f1b9deaab25f7ccd1e070497aa0f26f8d0"
dependencies = [
 "proc-macro2",
 "quote",
 "siphasher",
 "syn",
 "typenum",
]

[[package]]
name = "tuplities-eq"
version = "0.1.4"
source = "registry+https://github.com/rust-lang/crates.io-index"
checksum = "9fda8ba31babc1b6f588d0d793b5b482821fad6432fe0704904f5bc4ae27c54a"
dependencies = [
 "tuplities-derive",
 "tuplities-partial-eq",
]

[[package]]
name = "tuplities-flatten-nest"
version = "0.1.4"
source = "registry+https://github.com/rust-lang/crates.io-index"
checksum = "a0f99e9e28101cde6dbca98981207e9b115b7d1ba232b53991d0fc21aa562980"
dependencies = [
 "tuplities-derive",
 "tuplities-push-front",
 "typenum",
]

[[package]]
name = "tuplities-from"
version = "0.1.4"
source = "registry+https://github.com/rust-lang/crates.io-index"
checksum = "8aa14bce62cae33eb69fab6c47999af6cc0379f8ebb3418dad0c03910921363c"
dependencies = [
 "tuplities-derive",
]

[[package]]
name = "tuplities-hash"
version = "0.1.4"
source = "registry+https://github.com/rust-lang/crates.io-index"
checksum = "74819b11166beeb8ede86e66185a0c754c780770b1d2eb3c8308d47c9b94b02e"
dependencies = [
 "tuplities-derive",
 "tuplities-eq",
]

[[package]]
name = "tuplities-index"
version = "0.1.4"
source = "registry+https://github.com/rust-lang/crates.io-index"
checksum = "bddf6b27ff2f63f0d3b016b65b8f84398d8c516d9f482359fd8d02dd78affdbd"
dependencies = [
 "tuplities-derive",
 "tuplities-len",
 "typenum",
]

[[package]]
name = "tuplities-insert"
version = "0.1.4"
source = "registry+https://github.com/rust-lang/crates.io-index"
checksum = "210be38180c91f2d0aa3f339c4f60b1a9f9fd0320f9fd384b941889087d95029"
dependencies = [
 "tuplities-derive",
 "typenum",
]

[[package]]
name = "tuplities-len"
version = "0.1.4"
source = "registry+https://github.com/rust-lang/crates.io-index"
checksum = "5280ec1d7b34a7148f323bb8cbad10d796175dca1e2cde8032c50ebd18fcfbbf"
dependencies = [
 "tuplities-derive",
 "typenum",
]

[[package]]
name = "tuplities-mut"
version = "0.1.4"
source = "registry+https://github.com/rust-lang/crates.io-index"
checksum = "a51c0dc89092e168e0a8d9837670ac6ec31b83244c3ca49d6bb7a23330a230e0"
dependencies = [
 "tuplities-derive",
]

[[package]]
name = "tuplities-option"
version = "0.1.4"
source = "registry+https://github.com/rust-lang/crates.io-index"
checksum = "34575861951fd535181d218679e6118c617ffaaec637913fb00effb1289a330b"
dependencies = [
 "tuplities-default",
 "tuplities-derive",
]

[[package]]
name = "tuplities-ord"
version = "0.1.4"
source = "registry+https://github.com/rust-lang/crates.io-index"
checksum = "1164628a279b870c9f959d18708f71ec44678c7e9c76d63ebd65482ba352bf20"
dependencies = [
 "tuplities-derive",
 "tuplities-eq",
 "tuplities-partial-ord",
]

[[package]]
name = "tuplities-partial-eq"
version = "0.1.4"
source = "registry+https://github.com/rust-lang/crates.io-index"
checksum = "ee58dc5a70f5f025347cf5d73bc0d3da7f6aaf9263a79d31d4eb0a0aebd20e2a"
dependencies = [
 "tuplities-derive",
]

[[package]]
name = "tuplities-partial-ord"
version = "0.1.4"
source = "registry+https://github.com/rust-lang/crates.io-index"
checksum = "d499ac45da41022340c458e0013355ec10e12c899e14dbf895c9e3cfe10fa532"
dependencies = [
 "tuplities-derive",
 "tuplities-partial-eq",
]

[[package]]
name = "tuplities-pop-back"
version = "0.1.4"
source = "registry+https://github.com/rust-lang/crates.io-index"
checksum = "227d1807b09336967f2b6b3909e77dbbdfff2ed5399dd909cd5e2fe6eac47e26"
dependencies = [
 "tuplities-derive",
]

[[package]]
name = "tuplities-pop-front"
version = "0.1.4"
source = "registry+https://github.com/rust-lang/crates.io-index"
checksum = "cd6b70121bbca9670e29b0029f66b3e26e840876c22fa2f9c913e45497da9985"
dependencies = [
 "tuplities-derive",
 "tuplities-push-front",
]

[[package]]
name = "tuplities-push-back"
version = "0.1.4"
source = "registry+https://github.com/rust-lang/crates.io-index"
checksum = "fec8cba31c0cbbf910c651b504461934e8eb075f6245f7b5a86ef6bd8442bc95"
dependencies = [
 "tuplities-derive",
]

[[package]]
name = "tuplities-push-front"
version = "0.1.4"
source = "registry+https://github.com/rust-lang/crates.io-index"
checksum = "227611740e410e9bf849f7db2054d0d546c47546cd2463e8ab554758c1305363"
dependencies = [
 "tuplities-derive",
]

[[package]]
name = "tuplities-ref"
version = "0.1.4"
source = "registry+https://github.com/rust-lang/crates.io-index"
checksum = "f1806a49cee43b375dc5eae45c57e29f274a84e54c6595ff983aea6659d50152"
dependencies = [
 "tuplities-derive",
]

[[package]]
name = "tuplities-remove"
version = "0.1.4"
source = "registry+https://github.com/rust-lang/crates.io-index"
checksum = "62d6507c90ef0c36803b0e82041a7568d0599b5d03fcfbca03f42def2e341c1d"
dependencies = [
 "tuplities-derive",
 "typenum",
]

[[package]]
name = "tuplities-replicate"
version = "0.1.4"
source = "registry+https://github.com/rust-lang/crates.io-index"
checksum = "20eecb94e333b16e0d3000dbbcdcc8ff5fd23cdef29365e4e5457658baebee16"
dependencies = [
 "tuplities-derive",
]

[[package]]
name = "tuplities-reverse"
version = "0.1.4"
source = "registry+https://github.com/rust-lang/crates.io-index"
checksum = "5c91919a2cb88ad08b483768b6cd42b6b0a076c81fa9259a60b04bb93c3550e9"
dependencies = [
 "tuplities-derive",
]

[[package]]
name = "tuplities-row"
version = "0.1.4"
source = "registry+https://github.com/rust-lang/crates.io-index"
checksum = "e9d5863d777fae1d49a3cd8e0650b959a453d5435fa5bb4d7ddca1b079414a7e"
dependencies = [
 "tuplities-derive",
 "tuplities-index",
 "tuplities-len",
 "tuplities-mut",
 "tuplities-pop-back",
 "tuplities-pop-front",
 "tuplities-ref",
 "typenum",
]

[[package]]
name = "tuplities-split"
version = "0.1.4"
source = "registry+https://github.com/rust-lang/crates.io-index"
checksum = "e81a02d058aa5ade04c8bc2284ba7f6d984df9d17ca1125c23bf4b3f85c7ebf5"
dependencies = [
 "tuplities-derive",
 "typenum",
]

[[package]]
name = "tuplities-try-from"
version = "0.1.4"
source = "registry+https://github.com/rust-lang/crates.io-index"
checksum = "cf389117278b431630d9153492f65eef1528af09b583a34d74c3c04d413f329e"
dependencies = [
 "tuplities-derive",
]

[[package]]
name = "typenum"
version = "1.19.0"
source = "registry+https://github.com/rust-lang/crates.io-index"
checksum = "562d481066bde0658276a35467c4af00bdc6ee726305698a55b86e61d7ad82bb"

[[package]]
name = "unicode-ident"
version = "1.0.22"
source = "registry+https://github.com/rust-lang/crates.io-index"
checksum = "9312f7c4f6ff9069b165498234ce8be658059c6728633667c526e27dc2cf1df5"

[[package]]
name = "vcpkg"
version = "0.2.15"
source = "registry+https://github.com/rust-lang/crates.io-index"
checksum = "accd4ea62f7bb7a82fe23066fb0957d48ef677f6eeb8215f372f52e48bb32426"

[[package]]
name = "wasm-bindgen"
version = "0.2.108"
source = "registry+https://github.com/rust-lang/crates.io-index"
checksum = "64024a30ec1e37399cf85a7ffefebdb72205ca1c972291c51512360d90bd8566"
dependencies = [
 "cfg-if",
 "once_cell",
 "rustversion",
 "wasm-bindgen-macro",
 "wasm-bindgen-shared",
]

[[package]]
name = "wasm-bindgen-macro"
version = "0.2.108"
source = "registry+https://github.com/rust-lang/crates.io-index"
checksum = "008b239d9c740232e71bd39e8ef6429d27097518b6b30bdf9086833bd5b6d608"
dependencies = [
 "quote",
 "wasm-bindgen-macro-support",
]

[[package]]
name = "wasm-bindgen-macro-support"
version = "0.2.108"
source = "registry+https://github.com/rust-lang/crates.io-index"
checksum = "5256bae2d58f54820e6490f9839c49780dff84c65aeab9e772f15d5f0e913a55"
dependencies = [
 "bumpalo",
 "proc-macro2",
 "quote",
 "syn",
 "wasm-bindgen-shared",
]

[[package]]
name = "wasm-bindgen-shared"
version = "0.2.108"
source = "registry+https://github.com/rust-lang/crates.io-index"
checksum = "1f01b580c9ac74c8d8f0c0e4afb04eeef2acf145458e52c03845ee9cd23e3d12"
dependencies = [
 "unicode-ident",
]

[[package]]
name = "windows-link"
version = "0.2.1"
source = "registry+https://github.com/rust-lang/crates.io-index"
checksum = "f0805222e57f7521d6a62e36fa9163bc891acd422f971defe97d64e70d0a4fe5"
